
Microsoft Visual Studio Solution File, Format Version 12.00
# Visual Studio Version 17
VisualStudioVersion = 17.5.33502.453
MinimumVisualStudioVersion = 10.0.40219.1
Project("{8BC9CEB8-8B4A-11D0-8D11-00A0C91BC942}") = "Annak-Game", "Annak-Game.vcxproj", "{B2D92884-C941-4F2F-B832-8F10D9C2DEFC}"
EndProject
Global
	GlobalSection(SolutionConfigurationPlatforms) = preSolution
		Debug|x64 = Debug|x64
		Debug|x86 = Debug|x86
		Release|x64 = Release|x64
		Release|x86 = Release|x86
	EndGlobalSection
	GlobalSection(ProjectConfigurationPlatforms) = postSolution
		{B2D92884-C941-4F2F-B832-8F10D9C2DEFC}.Debug|x64.ActiveCfg = Debug|x64
		{B2D92884-C941-4F2F-B832-8F10D9C2DEFC}.Debug|x64.Build.0 = Debug|x64
		{B2D92884-C941-4F2F-B832-8F10D9C2DEFC}.Debug|x86.ActiveCfg = Debug|Win32
		{B2D92884-C941-4F2F-B832-8F10D9C2DEFC}.Debug|x86.Build.0 = Debug|Win32
		{B2D92884-C941-4F2F-B832-8F10D9C2DEFC}.Release|x64.ActiveCfg = Release|x64
		{B2D92884-C941-4F2F-B832-8F10D9C2DEFC}.Release|x64.Build.0 = Release|x64
		{B2D92884-C941-4F2F-B832-8F10D9C2DEFC}.Release|x86.ActiveCfg = Release|Win32
		{B2D92884-C941-4F2F-B832-8F10D9C2DEFC}.Release|x86.Build.0 = Release|Win32
	EndGlobalSection
	GlobalSection(SolutionProperties) = preSolution
		HideSolutionNode = FALSE
	EndGlobalSection
	GlobalSection(ExtensibilityGlobals) = postSolution
		SolutionGuid = {1B08C885-DEEF-47FD-A900-D2414732D593}
	EndGlobalSection
EndGlobal
